
Microsoft Visual Studio Solution File, Format Version 12.00
# Visual Studio 15
VisualStudioVersion = 15.0.26430.16
MinimumVisualStudioVersion = 10.0.40219.1
Project("{FAE04EC0-301F-11D3-BF4B-00C04F79EFBC}") = "CricketVaralaaruAPI", "CricketVaralaaru\CricketVaralaaruAPI.csproj", "{F61CBABA-3191-438F-BD8D-D2EC5EE0D314}"
EndProject
Project("{FAE04EC0-301F-11D3-BF4B-00C04F79EFBC}") = "CricketVaralaaruPlayers", "CricketVaralaaruPlayers\CricketVaralaaruPlayers.csproj", "{44DA7D62-BBFB-4358-BABA-1D209E772399}"
EndProject
Global
	GlobalSection(SolutionConfigurationPlatforms) = preSolution
		Debug|Any CPU = Debug|Any CPU
		Release|Any CPU = Release|Any CPU
	EndGlobalSection
	GlobalSection(ProjectConfigurationPlatforms) = postSolution
		{F61CBABA-3191-438F-BD8D-D2EC5EE0D314}.Debug|Any CPU.ActiveCfg = Debug|Any CPU
		{F61CBABA-3191-438F-BD8D-D2EC5EE0D314}.Debug|Any CPU.Build.0 = Debug|Any CPU
		{F61CBABA-3191-438F-BD8D-D2EC5EE0D314}.Release|Any CPU.ActiveCfg = Release|Any CPU
		{F61CBABA-3191-438F-BD8D-D2EC5EE0D314}.Release|Any CPU.Build.0 = Release|Any CPU
		{44DA7D62-BBFB-4358-BABA-1D209E772399}.Debug|Any CPU.ActiveCfg = Debug|Any CPU
		{44DA7D62-BBFB-4358-BABA-1D209E772399}.Debug|Any CPU.Build.0 = Debug|Any CPU
		{44DA7D62-BBFB-4358-BABA-1D209E772399}.Release|Any CPU.ActiveCfg = Release|Any CPU
		{44DA7D62-BBFB-4358-BABA-1D209E772399}.Release|Any CPU.Build.0 = Release|Any CPU
	EndGlobalSection
	GlobalSection(SolutionProperties) = preSolution
		HideSolutionNode = FALSE
	EndGlobalSection
EndGlobal
